lockfileVersion: '6.0'

dependencies:
  '@clerk/nextjs':
    specifier: ^4.16.2
    version: 4.16.2(next@13.3.0)(react-dom@18.2.0)(react@18.2.0)
  '@types/node':
    specifier: 18.15.11
    version: 18.15.11
  '@types/react':
    specifier: 18.0.35
    version: 18.0.35
  '@types/react-dom':
    specifier: 18.0.11
    version: 18.0.11
  next:
    specifier: 13.3.0
    version: 13.3.0(react-dom@18.2.0)(react@18.2.0)
  react:
    specifier: 18.2.0
    version: 18.2.0
  react-dom:
    specifier: 18.2.0
    version: 18.2.0(react@18.2.0)
  typescript:
    specifier: 5.0.4
    version: 5.0.4

packages:

  /@clerk/backend@0.17.0:
    resolution: {integrity: sha512-5q28qvk3Uj6GKWKammFyGH5VaQqFygznbMzKPJdrqqfNcb4zhPnbRFrU3UK4sY/Bk+D/b4CskrPzuFfpRaPfcw==}
    engines: {node: '>=14'}
    dependencies:
      '@clerk/types': 3.35.1
      '@peculiar/webcrypto': 1.4.1
      '@types/node': 16.18.6
      deepmerge: 4.2.2
      node-fetch-native: 1.0.1
      snakecase-keys: 5.4.4
      tslib: 2.4.1
    dev: false

  /@clerk/clerk-react@4.15.1(react@18.2.0):
    resolution: {integrity: sha512-KnFlXL/X9Nq5Xe1TQ0Al+ybdwgHBpVQ44ytZd4R/9rEcqwJur3pnrjALLnEEarmzg71V+sij7eTyCfLRryCXVg==}
    engines: {node: '>=14'}
    peerDependencies:
      react: '>=16'
    dependencies:
      '@clerk/shared': 0.15.4(react@18.2.0)
      '@clerk/types': 3.35.1
      react: 18.2.0
      swr: 1.3.0(react@18.2.0)
      tslib: 2.4.1
    dev: false

  /@clerk/clerk-sdk-node@4.8.4:
    resolution: {integrity: sha512-YyljEGj5xuiAs15NNKDn+Z2o4nX7MxEsL4RuetiHRNDyXBa+QDOLv6N4K8jCJXzx/EScnk1gZ76YeRhZZ4vzkg==}
    engines: {node: '>=14'}
    dependencies:
      '@clerk/backend': 0.17.0
      '@clerk/types': 3.35.1
      '@types/cookies': 0.7.7
      '@types/express': 4.17.14
      '@types/node-fetch': 2.6.2
      camelcase-keys: 6.2.2
      cookie: 0.5.0
      snakecase-keys: 3.2.1
      tslib: 2.4.1
    dev: false

  /@clerk/nextjs@4.16.2(next@13.3.0)(react-dom@18.2.0)(react@18.2.0):
    resolution: {integrity: sha512-f/EdKILjtiRF7MndEFWcRZAnBpIuTYdKOp/1WGUujaeyMzOhLeTcs1hUfNlkAyhenP8fuZ9D1mq7Px6RNLnH1Q==}
    engines: {node: '>=14'}
    peerDependencies:
      next: '>=10'
      react: ^17.0.2 || ^18.0.0-0
      react-dom: ^17.0.2 || ^18.0.0-0
    dependencies:
      '@clerk/backend': 0.17.0
      '@clerk/clerk-react': 4.15.1(react@18.2.0)
      '@clerk/clerk-sdk-node': 4.8.4
      '@clerk/types': 3.35.1
      next: 13.3.0(react-dom@18.2.0)(react@18.2.0)
      react: 18.2.0
      react-dom: 18.2.0(react@18.2.0)
      tslib: 2.4.1
    dev: false

  /@clerk/shared@0.15.4(react@18.2.0):
    resolution: {integrity: sha512-3+8nUo/KdjM80kBK+NjBGjMqUG2D8Sv4/2jGWr9Xv7HTo+6thEJ5P2waS3jznTPtglbzHnd9ps50gWZ3fRxW4A==}
    peerDependencies:
      react: '>=16'
    dependencies:
      react: 18.2.0
    dev: false

  /@clerk/types@3.35.1:
    resolution: {integrity: sha512-TPuCILqVHwD7JaFpbtZhz6t4wefVB5dYXs+D2Fd8RVPsr8m+geNH64bGkPEvXGnW1iizCTIp9BNkQGSUwqvSqg==}
    engines: {node: '>=14'}
    dependencies:
      csstype: 3.1.1
    dev: false

  /@next/env@13.3.0:
    resolution: {integrity: sha512-AjppRV4uG3No7L1plinoTQETH+j2F10TEnrMfzbTUYwze5sBUPveeeBAPZPm8OkJZ1epq9OyYKhZrvbD6/9HCQ==}
    dev: false

  /@next/swc-darwin-arm64@13.3.0:
    resolution: {integrity: sha512-DmIQCNq6JtccLPPBzf0dgh2vzMWt5wjxbP71pCi5EWpWYE3MsP6FcRXi4MlAmFNDQOfcFXR2r7kBeG1LpZUh1w==}
    engines: {node: '>= 10'}
    cpu: [arm64]
    os: [darwin]
    requiresBuild: true
    dev: false
    optional: true

  /@next/swc-darwin-x64@13.3.0:
    resolution: {integrity: sha512-oQoqFa88OGgwnYlnAGHVct618FRI/749se0N3S8t9Bzdv5CRbscnO0RcX901+YnNK4Q6yeiizfgO3b7kogtsZg==}
    engines: {node: '>= 10'}
    cpu: [x64]
    os: [darwin]
    requiresBuild: true
    dev: false
    optional: true

  /@next/swc-linux-arm64-gnu@13.3.0:
    resolution: {integrity: sha512-Wzz2p/WqAJUqTVoLo6H18WMeAXo3i+9DkPDae4oQG8LMloJ3if4NEZTnOnTUlro6cq+S/W4pTGa97nWTrOjbGw==}
    engines: {node: '>= 10'}
    cpu: [arm64]
    os: [linux]
    requiresBuild: true
    dev: false
    optional: true

  /@next/swc-linux-arm64-musl@13.3.0:
    resolution: {integrity: sha512-xPVrIQOQo9WXJYgmoTlMnAD/HlR/1e1ZIWGbwIzEirXBVBqMARUulBEIKdC19zuvoJ477qZJgBDCKtKEykCpyQ==}
    engines: {node: '>= 10'}
    cpu: [arm64]
    os: [linux]
    requiresBuild: true
    dev: false
    optional: true

  /@next/swc-linux-x64-gnu@13.3.0:
    resolution: {integrity: sha512-jOFlpGuPD7W2tuXVJP4wt9a3cpNxWAPcloq5EfMJRiXsBBOjLVFZA7boXYxEBzSVgUiVVr1V9T0HFM7pULJ1qA==}
    engines: {node: '>= 10'}
    cpu: [x64]
    os: [linux]
    requiresBuild: true
    dev: false
    optional: true

  /@next/swc-linux-x64-musl@13.3.0:
    resolution: {integrity: sha512-2OwKlzaBgmuet9XYHc3KwsEilzb04F540rlRXkAcjMHL7eCxB7uZIGtsVvKOnQLvC/elrUegwSw1+5f7WmfyOw==}
    engines: {node: '>= 10'}
    cpu: [x64]
    os: [linux]
    requiresBuild: true
    dev: false
    optional: true

  /@next/swc-win32-arm64-msvc@13.3.0:
    resolution: {integrity: sha512-OeHiA6YEvndxT46g+rzFK/MQTfftKxJmzslERMu9LDdC6Kez0bdrgEYed5eXFK2Z1viKZJCGRlhd06rBusyztA==}
    engines: {node: '>= 10'}
    cpu: [arm64]
    os: [win32]
    requiresBuild: true
    dev: false
    optional: true

  /@next/swc-win32-ia32-msvc@13.3.0:
    resolution: {integrity: sha512-4aB7K9mcVK1lYEzpOpqWrXHEZympU3oK65fnNcY1Qc4HLJFLJj8AViuqQd4jjjPNuV4sl8jAwTz3gN5VNGWB7w==}
    engines: {node: '>= 10'}
    cpu: [ia32]
    os: [win32]
    requiresBuild: true
    dev: false
    optional: true

  /@next/swc-win32-x64-msvc@13.3.0:
    resolution: {integrity: sha512-Reer6rkLLcoOvB0dd66+Y7WrWVFH7sEEkF/4bJCIfsSKnTStTYaHtwIJAwbqnt9I392Tqvku0KkoqZOryWV9LQ==}
    engines: {node: '>= 10'}
    cpu: [x64]
    os: [win32]
    requiresBuild: true
    dev: false
    optional: true

  /@peculiar/asn1-schema@2.3.6:
    resolution: {integrity: sha512-izNRxPoaeJeg/AyH8hER6s+H7p4itk+03QCa4sbxI3lNdseQYCuxzgsuNK8bTXChtLTjpJz6NmXKA73qLa3rCA==}
    dependencies:
      asn1js: 3.0.5
      pvtsutils: 1.3.2
      tslib: 2.4.1
    dev: false

  /@peculiar/json-schema@1.1.12:
    resolution: {integrity: sha512-coUfuoMeIB7B8/NMekxaDzLhaYmp0HZNPEjYRm9goRou8UZIC3z21s0sL9AWoCw4EG876QyO3kYrc61WNF9B/w==}
    engines: {node: '>=8.0.0'}
    dependencies:
      tslib: 2.4.1
    dev: false

  /@peculiar/webcrypto@1.4.1:
    resolution: {integrity: sha512-eK4C6WTNYxoI7JOabMoZICiyqRRtJB220bh0Mbj5RwRycleZf9BPyZoxsTvpP0FpmVS2aS13NKOuh5/tN3sIRw==}
    engines: {node: '>=10.12.0'}
    dependencies:
      '@peculiar/asn1-schema': 2.3.6
      '@peculiar/json-schema': 1.1.12
      pvtsutils: 1.3.2
      tslib: 2.4.1
      webcrypto-core: 1.7.7
    dev: false

  /@swc/helpers@0.4.14:
    resolution: {integrity: sha512-4C7nX/dvpzB7za4Ql9K81xK3HPxCpHMgwTZVyf+9JQ6VUbn9jjZVN7/Nkdz/Ugzs2CSjqnL/UPXroiVBVHUWUw==}
    dependencies:
      tslib: 2.5.0
    dev: false

  /@types/body-parser@1.19.2:
    resolution: {integrity: sha512-ALYone6pm6QmwZoAgeyNksccT9Q4AWZQ6PvfwR37GT6r6FWUPguq6sUmNGSMV2Wr761oQoBxwGGa6DR5o1DC9g==}
    dependencies:
      '@types/connect': 3.4.35
      '@types/node': 18.15.11
    dev: false

  /@types/connect@3.4.35:
    resolution: {integrity: sha512-cdeYyv4KWoEgpBISTxWvqYsVy444DOqehiF3fM3ne10AmJ62RSyNkUnxMJXHQWRQQX2eR94m5y1IZyDwBjV9FQ==}
    dependencies:
      '@types/node': 18.15.11
    dev: false

  /@types/cookies@0.7.7:
    resolution: {integrity: sha512-h7BcvPUogWbKCzBR2lY4oqaZbO3jXZksexYJVFvkrFeLgbZjQkU4x8pRq6eg2MHXQhY0McQdqmmsxRWlVAHooA==}
    dependencies:
      '@types/connect': 3.4.35
      '@types/express': 4.17.14
      '@types/keygrip': 1.0.2
      '@types/node': 18.15.11
    dev: false

  /@types/express-serve-static-core@4.17.33:
    resolution: {integrity: sha512-TPBqmR/HRYI3eC2E5hmiivIzv+bidAfXofM+sbonAGvyDhySGw9/PQZFt2BLOrjUUR++4eJVpx6KnLQK1Fk9tA==}
    dependencies:
      '@types/node': 18.15.11
      '@types/qs': 6.9.7
      '@types/range-parser': 1.2.4
    dev: false

  /@types/express@4.17.14:
    resolution: {integrity: sha512-TEbt+vaPFQ+xpxFLFssxUDXj5cWCxZJjIcB7Yg0k0GMHGtgtQgpvx/MUQUeAkNbA9AAGrwkAsoeItdTgS7FMyg==}
    dependencies:
      '@types/body-parser': 1.19.2
      '@types/express-serve-static-core': 4.17.33
      '@types/qs': 6.9.7
      '@types/serve-static': 1.15.1
    dev: false

  /@types/keygrip@1.0.2:
    resolution: {integrity: sha512-GJhpTepz2udxGexqos8wgaBx4I/zWIDPh/KOGEwAqtuGDkOUJu5eFvwmdBX4AmB8Odsr+9pHCQqiAqDL/yKMKw==}
    dev: false

  /@types/mime@3.0.1:
    resolution: {integrity: sha512-Y4XFY5VJAuw0FgAqPNd6NNoV44jbq9Bz2L7Rh/J6jLTiHBSBJa9fxqQIvkIld4GsoDOcCbvzOUAbLPsSKKg+uA==}
    dev: false

  /@types/node-fetch@2.6.2:
    resolution: {integrity: sha512-DHqhlq5jeESLy19TYhLakJ07kNumXWjcDdxXsLUMJZ6ue8VZJj4kLPQVE/2mdHh3xZziNF1xppu5lwmS53HR+A==}
    dependencies:
      '@types/node': 18.15.11
      form-data: 3.0.1
    dev: false

  /@types/node@16.18.6:
    resolution: {integrity: sha512-vmYJF0REqDyyU0gviezF/KHq/fYaUbFhkcNbQCuPGFQj6VTbXuHZoxs/Y7mutWe73C8AC6l9fFu8mSYiBAqkGA==}
    dev: false

  /@types/node@18.15.11:
    resolution: {integrity: sha512-E5Kwq2n4SbMzQOn6wnmBjuK9ouqlURrcZDVfbo9ftDDTFt3nk7ZKK4GMOzoYgnpQJKcxwQw+lGaBvvlMo0qN/Q==}
    dev: false

  /@types/prop-types@15.7.5:
    resolution: {integrity: sha512-JCB8C6SnDoQf0cNycqd/35A7MjcnK+ZTqE7judS6o7utxUCg6imJg3QK2qzHKszlTjcj2cn+NwMB2i96ubpj7w==}
    dev: false

  /@types/qs@6.9.7:
    resolution: {integrity: sha512-FGa1F62FT09qcrueBA6qYTrJPVDzah9a+493+o2PCXsesWHIn27G98TsSMs3WPNbZIEj4+VJf6saSFpvD+3Zsw==}
    dev: false

  /@types/range-parser@1.2.4:
    resolution: {integrity: sha512-EEhsLsD6UsDM1yFhAvy0Cjr6VwmpMWqFBCb9w07wVugF7w9nfajxLuVmngTIpgS6svCnm6Vaw+MZhoDCKnOfsw==}
    dev: false

  /@types/react-dom@18.0.11:
    resolution: {integrity: sha512-O38bPbI2CWtgw/OoQoY+BRelw7uysmXbWvw3nLWO21H1HSh+GOlqPuXshJfjmpNlKiiSDG9cc1JZAaMmVdcTlw==}
    dependencies:
      '@types/react': 18.0.35
    dev: false

  /@types/react@18.0.35:
    resolution: {integrity: sha512-6Laome31HpetaIUGFWl1VQ3mdSImwxtFZ39rh059a1MNnKGqBpC88J6NJ8n/Is3Qx7CefDGLgf/KhN/sYCf7ag==}
    dependencies:
      '@types/prop-types': 15.7.5
      '@types/scheduler': 0.16.3
      csstype: 3.1.2
    dev: false

  /@types/scheduler@0.16.3:
    resolution: {integrity: sha512-5cJ8CB4yAx7BH1oMvdU0Jh9lrEXyPkar6F9G/ERswkCuvP4KQZfZkSjcMbAICCpQTN4OuZn8tz0HiKv9TGZgrQ==}
    dev: false

  /@types/serve-static@1.15.1:
    resolution: {integrity: sha512-NUo5XNiAdULrJENtJXZZ3fHtfMolzZwczzBbnAeBbqBwG+LaG6YaJtuwzwGSQZ2wsCrxjEhNNjAkKigy3n8teQ==}
    dependencies:
      '@types/mime': 3.0.1
      '@types/node': 18.15.11
    dev: false

  /asn1js@3.0.5:
    resolution: {integrity: sha512-FVnvrKJwpt9LP2lAMl8qZswRNm3T4q9CON+bxldk2iwk3FFpuwhx2FfinyitizWHsVYyaY+y5JzDR0rCMV5yTQ==}
    engines: {node: '>=12.0.0'}
    dependencies:
      pvtsutils: 1.3.2
      pvutils: 1.1.3
      tslib: 2.4.1
    dev: false

  /asynckit@0.4.0:
    resolution: {integrity: sha512-Oei9OH4tRh0YqU3GxhX79dM/mwVgvbZJaSNaRk+bshkj0S5cfHcgYakreBjrHwatXKbz+IoIdYLxrKim2MjW0Q==}
    dev: false

  /busboy@1.6.0:
    resolution: {integrity: sha512-8SFQbg/0hQ9xy3UNTB0YEnsNBbWfhf7RtnzpL7TkBiTBRfrQ9Fxcnz7VJsleJpyp6rVLvXiuORqjlHi5q+PYuA==}
    engines: {node: '>=10.16.0'}
    dependencies:
      streamsearch: 1.1.0
    dev: false

  /camelcase-keys@6.2.2:
    resolution: {integrity: sha512-YrwaA0vEKazPBkn0ipTiMpSajYDSe+KjQfrjhcBMxJt/znbvlHd8Pw/Vamaz5EB4Wfhs3SUR3Z9mwRu/P3s3Yg==}
    engines: {node: '>=8'}
    dependencies:
      camelcase: 5.3.1
      map-obj: 4.3.0
      quick-lru: 4.0.1
    dev: false

  /camelcase@5.3.1:
    resolution: {integrity: sha512-L28STB170nwWS63UjtlEOE3dldQApaJXZkOI1uMFfzf3rRuPegHaHesyee+YxQ+W6SvRDQV6UrdOdRiR153wJg==}
    engines: {node: '>=6'}
    dev: false

  /caniuse-lite@1.0.30001478:
    resolution: {integrity: sha512-gMhDyXGItTHipJj2ApIvR+iVB5hd0KP3svMWWXDvZOmjzJJassGLMfxRkQCSYgGd2gtdL/ReeiyvMSFD1Ss6Mw==}
    dev: false

  /client-only@0.0.1:
    resolution: {integrity: sha512-IV3Ou0jSMzZrd3pZ48nLkT9DA7Ag1pnPzaiQhpW7c3RbcqqzvzzVu+L8gfqMp/8IM2MQtSiqaCxrrcfu8I8rMA==}
    dev: false

  /combined-stream@1.0.8:
    resolution: {integrity: sha512-FQN4MRfuJeHf7cBbBMJFXhKSDq+2kAArBlmRBvcvFE5BB1HZKXtSFASDhdlz9zOYwxh8lDdnvmMOe/+5cdoEdg==}
    engines: {node: '>= 0.8'}
    dependencies:
      delayed-stream: 1.0.0
    dev: false

  /cookie@0.5.0:
    resolution: {integrity: sha512-YZ3GUyn/o8gfKJlnlX7g7xq4gyO6OSuhGPKaaGssGB2qgDUS0gPgtTvoyZLTt9Ab6dC4hfc9dV5arkvc/OCmrw==}
    engines: {node: '>= 0.6'}
    dev: false

  /csstype@3.1.1:
    resolution: {integrity: sha512-DJR/VvkAvSZW9bTouZue2sSxDwdTN92uHjqeKVm+0dAqdfNykRzQ95tay8aXMBAAPpUiq4Qcug2L7neoRh2Egw==}
    dev: false

  /csstype@3.1.2:
    resolution: {integrity: sha512-I7K1Uu0MBPzaFKg4nI5Q7Vs2t+3gWWW648spaF+Rg7pI9ds18Ugn+lvg4SHczUdKlHI5LWBXyqfS8+DufyBsgQ==}
    dev: false

  /deepmerge@4.2.2:
    resolution: {integrity: sha512-FJ3UgI4gIl+PHZm53knsuSFpE+nESMr7M4v9QcgB7S63Kj/6WqMiFQJpBBYz1Pt+66bZpP3Q7Lye0Oo9MPKEdg==}
    engines: {node: '>=0.10.0'}
    dev: false

  /delayed-stream@1.0.0:
    resolution: {integrity: sha512-ZySD7Nf91aLB0RxL4KGrKHBXl7Eds1DAmEdcoVawXnLD7SDhpNgtuII2aAkg7a7QS41jxPSZ17p4VdGnMHk3MQ==}
    engines: {node: '>=0.4.0'}
    dev: false

  /dot-case@3.0.4:
    resolution: {integrity: sha512-Kv5nKlh6yRrdrGvxeJ2e5y2eRUpkUosIW4A2AS38zwSz27zu7ufDwQPi5Jhs3XAlGNetl3bmnGhQsMtkKJnj3w==}
    dependencies:
      no-case: 3.0.4
      tslib: 2.4.1
    dev: false

  /form-data@3.0.1:
    resolution: {integrity: sha512-RHkBKtLWUVwd7SqRIvCZMEvAMoGUp0XU+seQiZejj0COz3RI3hWP4sCv3gZWWLjJTd7rGwcsF5eKZGii0r/hbg==}
    engines: {node: '>= 6'}
    dependencies:
      asynckit: 0.4.0
      combined-stream: 1.0.8
      mime-types: 2.1.35
    dev: false

  /js-tokens@4.0.0:
    resolution: {integrity: sha512-RdJUflcE3cUzKiMqQgsCu06FPu9UdIJO0beYbPhHN4k6apgJtifcoCtT9bcxOpYBtpD2kCM6Sbzg4CausW/PKQ==}
    dev: false

  /loose-envify@1.4.0:
    resolution: {integrity: sha512-lyuxPGr/Wfhrlem2CL/UcnUc1zcqKAImBDzukY7Y5F/yQiNdko6+fRLevlw1HgMySw7f611UIY408EtxRSoK3Q==}
    hasBin: true
    dependencies:
      js-tokens: 4.0.0
    dev: false

  /lower-case@2.0.2:
    resolution: {integrity: sha512-7fm3l3NAF9WfN6W3JOmf5drwpVqX78JtoGJ3A6W0a6ZnldM41w2fV5D490psKFTpMds8TJse/eHLFFsNHHjHgg==}
    dependencies:
      tslib: 2.4.1
    dev: false

  /map-obj@4.3.0:
    resolution: {integrity: sha512-hdN1wVrZbb29eBGiGjJbeP8JbKjq1urkHJ/LIP/NY48MZ1QVXUsQBV1G1zvYFHn1XE06cwjBsOI2K3Ulnj1YXQ==}
    engines: {node: '>=8'}
    dev: false

  /mime-db@1.52.0:
    resolution: {integrity: sha512-sPU4uV7dYlvtWJxwwxHD0PuihVNiE7TyAbQ5SWxDCB9mUYvOgroQOwYQQOKPJ8CIbE+1ETVlOoK1UC2nU3gYvg==}
    engines: {node: '>= 0.6'}
    dev: false

  /mime-types@2.1.35:
    resolution: {integrity: sha512-ZDY+bPm5zTTF+YpCrAU9nK0UgICYPT0QtT1NZWFv4s++TNkcgVaT0g6+4R2uI4MjQjzysHB1zxuWL50hzaeXiw==}
    engines: {node: '>= 0.6'}
    dependencies:
      mime-db: 1.52.0
    dev: false

  /nanoid@3.3.6:
    resolution: {integrity: sha512-BGcqMMJuToF7i1rt+2PWSNVnWIkGCU78jBG3RxO/bZlnZPK2Cmi2QaffxGO/2RvWi9sL+FAiRiXMgsyxQ1DIDA==}
    engines: {node: ^10 || ^12 || ^13.7 || ^14 || >=15.0.1}
    hasBin: true
    dev: false

  /next@13.3.0(react-dom@18.2.0)(react@18.2.0):
    resolution: {integrity: sha512-OVTw8MpIPa12+DCUkPqRGPS3thlJPcwae2ZL4xti3iBff27goH024xy4q2lhlsdoYiKOi8Kz6uJoLW/GXwgfOA==}
    engines: {node: '>=14.6.0'}
    hasBin: true
    peerDependencies:
      '@opentelemetry/api': ^1.1.0
      fibers: '>= 3.1.0'
      node-sass: ^6.0.0 || ^7.0.0
      react: ^18.2.0
      react-dom: ^18.2.0
      sass: ^1.3.0
    peerDependenciesMeta:
      '@opentelemetry/api':
        optional: true
      fibers:
        optional: true
      node-sass:
        optional: true
      sass:
        optional: true
    dependencies:
      '@next/env': 13.3.0
      '@swc/helpers': 0.4.14
      busboy: 1.6.0
      caniuse-lite: 1.0.30001478
      postcss: 8.4.14
      react: 18.2.0
      react-dom: 18.2.0(react@18.2.0)
      styled-jsx: 5.1.1(react@18.2.0)
    optionalDependencies:
      '@next/swc-darwin-arm64': 13.3.0
      '@next/swc-darwin-x64': 13.3.0
      '@next/swc-linux-arm64-gnu': 13.3.0
      '@next/swc-linux-arm64-musl': 13.3.0
      '@next/swc-linux-x64-gnu': 13.3.0
      '@next/swc-linux-x64-musl': 13.3.0
      '@next/swc-win32-arm64-msvc': 13.3.0
      '@next/swc-win32-ia32-msvc': 13.3.0
      '@next/swc-win32-x64-msvc': 13.3.0
    transitivePeerDependencies:
      - '@babel/core'
      - babel-plugin-macros
    dev: false

  /no-case@3.0.4:
    resolution: {integrity: sha512-fgAN3jGAh+RoxUGZHTSOLJIqUc2wmoBwGR4tbpNAKmmovFoWq0OdRkb0VkldReO2a2iBT/OEulG9XSUc10r3zg==}
    dependencies:
      lower-case: 2.0.2
      tslib: 2.4.1
    dev: false

  /node-fetch-native@1.0.1:
    resolution: {integrity: sha512-VzW+TAk2wE4X9maiKMlT+GsPU4OMmR1U9CrHSmd3DFLn2IcZ9VJ6M6BBugGfYUnPCLSYxXdZy17M0BEJyhUTwg==}
    dev: false

  /picocolors@1.0.0:
    resolution: {integrity: sha512-1fygroTLlHu66zi26VoTDv8yRgm0Fccecssto+MhsZ0D/DGW2sm8E8AjW7NU5VVTRt5GxbeZ5qBuJr+HyLYkjQ==}
    dev: false

  /postcss@8.4.14:
    resolution: {integrity: sha512-E398TUmfAYFPBSdzgeieK2Y1+1cpdxJx8yXbK/m57nRhKSmk1GB2tO4lbLBtlkfPQTDKfe4Xqv1ASWPpayPEig==}
    engines: {node: ^10 || ^12 || >=14}
    dependencies:
      nanoid: 3.3.6
      picocolors: 1.0.0
      source-map-js: 1.0.2
    dev: false

  /pvtsutils@1.3.2:
    resolution: {integrity: sha512-+Ipe2iNUyrZz+8K/2IOo+kKikdtfhRKzNpQbruF2URmqPtoqAs8g3xS7TJvFF2GcPXjh7DkqMnpVveRFq4PgEQ==}
    dependencies:
      tslib: 2.4.1
    dev: false

  /pvutils@1.1.3:
    resolution: {integrity: sha512-pMpnA0qRdFp32b1sJl1wOJNxZLQ2cbQx+k6tjNtZ8CpvVhNqEPRgivZ2WOUev2YMajecdH7ctUPDvEe87nariQ==}
    engines: {node: '>=6.0.0'}
    dev: false

  /quick-lru@4.0.1:
    resolution: {integrity: sha512-ARhCpm70fzdcvNQfPoy49IaanKkTlRWF2JMzqhcJbhSFRZv7nPTvZJdcY7301IPmvW+/p0RgIWnQDLJxifsQ7g==}
    engines: {node: '>=8'}
    dev: false

  /react-dom@18.2.0(react@18.2.0):
    resolution: {integrity: sha512-6IMTriUmvsjHUjNtEDudZfuDQUoWXVxKHhlEGSk81n4YFS+r/Kl99wXiwlVXtPBtJenozv2P+hxDsw9eA7Xo6g==}
    peerDependencies:
      react: ^18.2.0
    dependencies:
      loose-envify: 1.4.0
      react: 18.2.0
      scheduler: 0.23.0
    dev: false

  /react@18.2.0:
    resolution: {integrity: sha512-/3IjMdb2L9QbBdWiW5e3P2/npwMBaU9mHCSCUzNln0ZCYbcfTsGbTJrU/kGemdH2IWmB2ioZ+zkxtmq6g09fGQ==}
    engines: {node: '>=0.10.0'}
    dependencies:
      loose-envify: 1.4.0
    dev: false

  /scheduler@0.23.0:
    resolution: {integrity: sha512-CtuThmgHNg7zIZWAXi3AsyIzA3n4xx7aNyjwC2VJldO2LMVDhFK+63xGqq6CsJH4rTAt6/M+N4GhZiDYPx9eUw==}
    dependencies:
      loose-envify: 1.4.0
    dev: false

  /snake-case@3.0.4:
    resolution: {integrity: sha512-LAOh4z89bGQvl9pFfNF8V146i7o7/CqFPbqzYgP+yYzDIDeS9HaNFtXABamRW+AQzEVODcvE79ljJ+8a9YSdMg==}
    dependencies:
      dot-case: 3.0.4
      tslib: 2.4.1
    dev: false

  /snakecase-keys@3.2.1:
    resolution: {integrity: sha512-CjU5pyRfwOtaOITYv5C8DzpZ8XA/ieRsDpr93HI2r6e3YInC6moZpSQbmUtg8cTk58tq2x3jcG2gv+p1IZGmMA==}
    engines: {node: '>=8'}
    dependencies:
      map-obj: 4.3.0
      to-snake-case: 1.0.0
    dev: false

  /snakecase-keys@5.4.4:
    resolution: {integrity: sha512-YTywJG93yxwHLgrYLZjlC75moVEX04LZM4FHfihjHe1FCXm+QaLOFfSf535aXOAd0ArVQMWUAe8ZPm4VtWyXaA==}
    engines: {node: '>=12'}
    dependencies:
      map-obj: 4.3.0
      snake-case: 3.0.4
      type-fest: 2.19.0
    dev: false

  /source-map-js@1.0.2:
    resolution: {integrity: sha512-R0XvVJ9WusLiqTCEiGCmICCMplcCkIwwR11mOSD9CR5u+IXYdiseeEuXCVAjS54zqwkLcPNnmU4OeJ6tUrWhDw==}
    engines: {node: '>=0.10.0'}
    dev: false

  /streamsearch@1.1.0:
    resolution: {integrity: sha512-Mcc5wHehp9aXz1ax6bZUyY5afg9u2rv5cqQI3mRrYkGC8rW2hM02jWuwjtL++LS5qinSyhj2QfLyNsuc+VsExg==}
    engines: {node: '>=10.0.0'}
    dev: false

  /styled-jsx@5.1.1(react@18.2.0):
    resolution: {integrity: sha512-pW7uC1l4mBZ8ugbiZrcIsiIvVx1UmTfw7UkC3Um2tmfUq9Bhk8IiyEIPl6F8agHgjzku6j0xQEZbfA5uSgSaCw==}
    engines: {node: '>= 12.0.0'}
    peerDependencies:
      '@babel/core': '*'
      babel-plugin-macros: '*'
      react: '>= 16.8.0 || 17.x.x || ^18.0.0-0'
    peerDependenciesMeta:
      '@babel/core':
        optional: true
      babel-plugin-macros:
        optional: true
    dependencies:
      client-only: 0.0.1
      react: 18.2.0
    dev: false

  /swr@1.3.0(react@18.2.0):
    resolution: {integrity: sha512-dkghQrOl2ORX9HYrMDtPa7LTVHJjCTeZoB1dqTbnnEDlSvN8JEKpYIYurDfvbQFUUS8Cg8PceFVZNkW0KNNYPw==}
    peerDependencies:
      react: ^16.11.0 || ^17.0.0 || ^18.0.0
    dependencies:
      react: 18.2.0
    dev: false

  /to-no-case@1.0.2:
    resolution: {integrity: sha512-Z3g735FxuZY8rodxV4gH7LxClE4H0hTIyHNIHdk+vpQxjLm0cwnKXq/OFVZ76SOQmto7txVcwSCwkU5kqp+FKg==}
    dev: false

  /to-snake-case@1.0.0:
    resolution: {integrity: sha512-joRpzBAk1Bhi2eGEYBjukEWHOe/IvclOkiJl3DtA91jV6NwQ3MwXA4FHYeqk8BNp/D8bmi9tcNbRu/SozP0jbQ==}
    dependencies:
      to-space-case: 1.0.0
    dev: false

  /to-space-case@1.0.0:
    resolution: {integrity: sha512-rLdvwXZ39VOn1IxGL3V6ZstoTbwLRckQmn/U8ZDLuWwIXNpuZDhQ3AiRUlhTbOXFVE9C+dR51wM0CBDhk31VcA==}
    dependencies:
      to-no-case: 1.0.2
    dev: false

  /tslib@2.4.1:
    resolution: {integrity: sha512-tGyy4dAjRIEwI7BzsB0lynWgOpfqjUdq91XXAlIWD2OwKBH7oCl/GZG/HT4BOHrTlPMOASlMQ7veyTqpmRcrNA==}
    dev: false

  /tslib@2.5.0:
    resolution: {integrity: sha512-336iVw3rtn2BUK7ORdIAHTyxHGRIHVReokCR3XjbckJMK7ms8FysBfhLR8IXnAgy7T0PTPNBWKiH514FOW/WSg==}
    dev: false

  /type-fest@2.19.0:
    resolution: {integrity: sha512-RAH822pAdBgcNMAfWnCBU3CFZcfZ/i1eZjwFU/dsLKumyuuP3niueg2UAukXYF0E2AAoc82ZSSf9J0WQBinzHA==}
    engines: {node: '>=12.20'}
    dev: false

  /typescript@5.0.4:
    resolution: {integrity: sha512-cW9T5W9xY37cc+jfEnaUvX91foxtHkza3Nw3wkoF4sSlKn0MONdkdEndig/qPBWXNkmplh3NzayQzCiHM4/hqw==}
    engines: {node: '>=12.20'}
    hasBin: true
    dev: false

  /webcrypto-core@1.7.7:
    resolution: {integrity: sha512-7FjigXNsBfopEj+5DV2nhNpfic2vumtjjgPmeDKk45z+MJwXKKfhPB7118Pfzrmh4jqOMST6Ch37iPAHoImg5g==}
    dependencies:
      '@peculiar/asn1-schema': 2.3.6
      '@peculiar/json-schema': 1.1.12
      asn1js: 3.0.5
      pvtsutils: 1.3.2
      tslib: 2.4.1
    dev: false
